
Microsoft Visual Studio Solution File, Format Version 12.00
# Visual Studio Version 16
VisualStudioVersion = 16.0.29319.158
MinimumVisualStudioVersion = 15.0.26124.0
Project("{2150E333-8FDC-42A3-9474-1A3956D46DE8}") = "src", "src", "{0F73140C-7645-43C2-96EB-077B34D0D031}"
EndProject
Project("{2150E333-8FDC-42A3-9474-1A3956D46DE8}") = "test", "test", "{ADDFE353-72D4-45BF-A492-7E9F9300892B}"
EndProject
Project("{2150E333-8FDC-42A3-9474-1A3956D46DE8}") = "UnitTests", "UnitTests", "{4AC508BE-41AA-455B-BEB7-6FD46C4A791A}"
EndProject
Project("{2150E333-8FDC-42A3-9474-1A3956D46DE8}") = "Specifications", "Specifications", "{544B6991-CF5A-48F1-AF5E-BFC80081DC9E}"
EndProject
Project("{9A19103F-16F7-4668-BE54-9A1E7A4F7556}") = "MusiCore.Formats", "src\MusiCore.Formats\MusiCore.Formats.csproj", "{8474ACF8-2D7A-460E-8752-D1D8BD614166}"
EndProject
Project("{9A19103F-16F7-4668-BE54-9A1E7A4F7556}") = "MusiCore.Formats.MusicXml", "src\MusiCore.Formats.MusicXml\MusiCore.Formats.MusicXml.csproj", "{C1D3FEB5-05E2-4430-A0AE-B56807020CBC}"
EndProject
Project("{9A19103F-16F7-4668-BE54-9A1E7A4F7556}") = "MusiCore.Formats.Specs", "test\Specifications\MusiCore.Formats.Specs\MusiCore.Formats.Specs.csproj", "{93350D61-C5CB-45F0-860C-8D83961A7A24}"
EndProject
Project("{9A19103F-16F7-4668-BE54-9A1E7A4F7556}") = "MusiCore.Notation.Specs", "test\Specifications\MusiCore.Notation.Specs\MusiCore.Notation.Specs.csproj", "{69315A4B-37A3-4565-8D8E-5628C61FD61B}"
EndProject
Project("{9A19103F-16F7-4668-BE54-9A1E7A4F7556}") = "MusiCore.Formats.MusicXml.Tests", "test\UnitTests\MusiCore.Formats.MusicXml.Tests\MusiCore.Formats.MusicXml.Tests.csproj", "{21FA1380-7641-4D0B-9117-B4EB364DE2B9}"
EndProject
Project("{9A19103F-16F7-4668-BE54-9A1E7A4F7556}") = "MusiCore.Formats.Tests", "test\UnitTests\MusiCore.Formats.Tests\MusiCore.Formats.Tests.csproj", "{C99EA3CF-ACAE-4665-974D-1E182E7F7882}"
EndProject
Project("{9A19103F-16F7-4668-BE54-9A1E7A4F7556}") = "MusiCore.Notation.Tests", "test\UnitTests\MusiCore.Notation.Tests\MusiCore.Notation.Tests.csproj", "{BBC7FC4D-E93A-4175-B05D-842E43AE59D1}"
EndProject
Project("{9A19103F-16F7-4668-BE54-9A1E7A4F7556}") = "MusiCore.Notation.Western.Tests", "test\UnitTests\MusiCore.Notation.Western.Tests\MusiCore.Notation.Western.Tests.csproj", "{EAF2E72D-2746-4567-99BF-6F22EC09221A}"
EndProject
Project("{2150E333-8FDC-42A3-9474-1A3956D46DE8}") = "build", "build", "{1A51304A-5AF1-45DC-969F-4B55A363A987}"
	ProjectSection(SolutionItems) = preProject
		build\azure-pipelines.yml = build\azure-pipelines.yml
		build\build.ps1 = build\build.ps1
		build\build.yml = build\build.yml
		directory.build.props = directory.build.props
	EndProjectSection
EndProject
Project("{2150E333-8FDC-42A3-9474-1A3956D46DE8}") = "meta", "meta", "{8EDA5384-54B7-4CEF-ABA0-4161447B2152}"
	ProjectSection(SolutionItems) = preProject
		LICENSE = LICENSE
		mkdocs.yml = mkdocs.yml
		MusiCore.sln.DotSettings = MusiCore.sln.DotSettings
		README.md = README.md
	EndProjectSection
EndProject
Project("{9A19103F-16F7-4668-BE54-9A1E7A4F7556}") = "MusiCore.Notation", "src\MusiCore.Notation\MusiCore.Notation.csproj", "{B7BE33C7-AE86-4E12-9DC6-ECE809BF501C}"
EndProject
Project("{6EC3EE1D-3C4E-46DD-8F32-0CC8E7565705}") = "MusiCore.Notation.Western", "src\MusiCore.Notation.Western\MusiCore.Notation.Western.fsproj", "{4E497FC2-754E-43FE-A733-F589230C7059}"
EndProject
Global
	GlobalSection(SolutionConfigurationPlatforms) = preSolution
		Debug|Any CPU = Debug|Any CPU
		Debug|x64 = Debug|x64
		Debug|x86 = Debug|x86
		Release|Any CPU = Release|Any CPU
		Release|x64 = Release|x64
		Release|x86 = Release|x86
	EndGlobalSection
	GlobalSection(ProjectConfigurationPlatforms) = postSolution
		{8474ACF8-2D7A-460E-8752-D1D8BD614166}.Debug|Any CPU.ActiveCfg = Debug|Any CPU
		{8474ACF8-2D7A-460E-8752-D1D8BD614166}.Debug|Any CPU.Build.0 = Debug|Any CPU
		{8474ACF8-2D7A-460E-8752-D1D8BD614166}.Debug|x64.ActiveCfg = Debug|Any CPU
		{8474ACF8-2D7A-460E-8752-D1D8BD614166}.Debug|x64.Build.0 = Debug|Any CPU
		{8474ACF8-2D7A-460E-8752-D1D8BD614166}.Debug|x86.ActiveCfg = Debug|Any CPU
		{8474ACF8-2D7A-460E-8752-D1D8BD614166}.Debug|x86.Build.0 = Debug|Any CPU
		{8474ACF8-2D7A-460E-8752-D1D8BD614166}.Release|Any CPU.ActiveCfg = Release|Any CPU
		{8474ACF8-2D7A-460E-8752-D1D8BD614166}.Release|Any CPU.Build.0 = Release|Any CPU
		{8474ACF8-2D7A-460E-8752-D1D8BD614166}.Release|x64.ActiveCfg = Release|Any CPU
		{8474ACF8-2D7A-460E-8752-D1D8BD614166}.Release|x64.Build.0 = Release|Any CPU
		{8474ACF8-2D7A-460E-8752-D1D8BD614166}.Release|x86.ActiveCfg = Release|Any CPU
		{8474ACF8-2D7A-460E-8752-D1D8BD614166}.Release|x86.Build.0 = Release|Any CPU
		{C1D3FEB5-05E2-4430-A0AE-B56807020CBC}.Debug|Any CPU.ActiveCfg = Debug|Any CPU
		{C1D3FEB5-05E2-4430-A0AE-B56807020CBC}.Debug|Any CPU.Build.0 = Debug|Any CPU
		{C1D3FEB5-05E2-4430-A0AE-B56807020CBC}.Debug|x64.ActiveCfg = Debug|Any CPU
		{C1D3FEB5-05E2-4430-A0AE-B56807020CBC}.Debug|x64.Build.0 = Debug|Any CPU
		{C1D3FEB5-05E2-4430-A0AE-B56807020CBC}.Debug|x86.ActiveCfg = Debug|Any CPU
		{C1D3FEB5-05E2-4430-A0AE-B56807020CBC}.Debug|x86.Build.0 = Debug|Any CPU
		{C1D3FEB5-05E2-4430-A0AE-B56807020CBC}.Release|Any CPU.ActiveCfg = Release|Any CPU
		{C1D3FEB5-05E2-4430-A0AE-B56807020CBC}.Release|Any CPU.Build.0 = Release|Any CPU
		{C1D3FEB5-05E2-4430-A0AE-B56807020CBC}.Release|x64.ActiveCfg = Release|Any CPU
		{C1D3FEB5-05E2-4430-A0AE-B56807020CBC}.Release|x64.Build.0 = Release|Any CPU
		{C1D3FEB5-05E2-4430-A0AE-B56807020CBC}.Release|x86.ActiveCfg = Release|Any CPU
		{C1D3FEB5-05E2-4430-A0AE-B56807020CBC}.Release|x86.Build.0 = Release|Any CPU
		{93350D61-C5CB-45F0-860C-8D83961A7A24}.Debug|Any CPU.ActiveCfg = Debug|Any CPU
		{93350D61-C5CB-45F0-860C-8D83961A7A24}.Debug|Any CPU.Build.0 = Debug|Any CPU
		{93350D61-C5CB-45F0-860C-8D83961A7A24}.Debug|x64.ActiveCfg = Debug|Any CPU
		{93350D61-C5CB-45F0-860C-8D83961A7A24}.Debug|x64.Build.0 = Debug|Any CPU
		{93350D61-C5CB-45F0-860C-8D83961A7A24}.Debug|x86.ActiveCfg = Debug|Any CPU
		{93350D61-C5CB-45F0-860C-8D83961A7A24}.Debug|x86.Build.0 = Debug|Any CPU
		{93350D61-C5CB-45F0-860C-8D83961A7A24}.Release|Any CPU.ActiveCfg = Release|Any CPU
		{93350D61-C5CB-45F0-860C-8D83961A7A24}.Release|Any CPU.Build.0 = Release|Any CPU
		{93350D61-C5CB-45F0-860C-8D83961A7A24}.Release|x64.ActiveCfg = Release|Any CPU
		{93350D61-C5CB-45F0-860C-8D83961A7A24}.Release|x64.Build.0 = Release|Any CPU
		{93350D61-C5CB-45F0-860C-8D83961A7A24}.Release|x86.ActiveCfg = Release|Any CPU
		{93350D61-C5CB-45F0-860C-8D83961A7A24}.Release|x86.Build.0 = Release|Any CPU
		{69315A4B-37A3-4565-8D8E-5628C61FD61B}.Debug|Any CPU.ActiveCfg = Debug|Any CPU
		{69315A4B-37A3-4565-8D8E-5628C61FD61B}.Debug|Any CPU.Build.0 = Debug|Any CPU
		{69315A4B-37A3-4565-8D8E-5628C61FD61B}.Debug|x64.ActiveCfg = Debug|Any CPU
		{69315A4B-37A3-4565-8D8E-5628C61FD61B}.Debug|x64.Build.0 = Debug|Any CPU
		{69315A4B-37A3-4565-8D8E-5628C61FD61B}.Debug|x86.ActiveCfg = Debug|Any CPU
		{69315A4B-37A3-4565-8D8E-5628C61FD61B}.Debug|x86.Build.0 = Debug|Any CPU
		{69315A4B-37A3-4565-8D8E-5628C61FD61B}.Release|Any CPU.ActiveCfg = Release|Any CPU
		{69315A4B-37A3-4565-8D8E-5628C61FD61B}.Release|Any CPU.Build.0 = Release|Any CPU
		{69315A4B-37A3-4565-8D8E-5628C61FD61B}.Release|x64.ActiveCfg = Release|Any CPU
		{69315A4B-37A3-4565-8D8E-5628C61FD61B}.Release|x64.Build.0 = Release|Any CPU
		{69315A4B-37A3-4565-8D8E-5628C61FD61B}.Release|x86.ActiveCfg = Release|Any CPU
		{69315A4B-37A3-4565-8D8E-5628C61FD61B}.Release|x86.Build.0 = Release|Any CPU
		{21FA1380-7641-4D0B-9117-B4EB364DE2B9}.Debug|Any CPU.ActiveCfg = Debug|Any CPU
		{21FA1380-7641-4D0B-9117-B4EB364DE2B9}.Debug|Any CPU.Build.0 = Debug|Any CPU
		{21FA1380-7641-4D0B-9117-B4EB364DE2B9}.Debug|x64.ActiveCfg = Debug|Any CPU
		{21FA1380-7641-4D0B-9117-B4EB364DE2B9}.Debug|x64.Build.0 = Debug|Any CPU
		{21FA1380-7641-4D0B-9117-B4EB364DE2B9}.Debug|x86.ActiveCfg = Debug|Any CPU
		{21FA1380-7641-4D0B-9117-B4EB364DE2B9}.Debug|x86.Build.0 = Debug|Any CPU
		{21FA1380-7641-4D0B-9117-B4EB364DE2B9}.Release|Any CPU.ActiveCfg = Release|Any CPU
		{21FA1380-7641-4D0B-9117-B4EB364DE2B9}.Release|Any CPU.Build.0 = Release|Any CPU
		{21FA1380-7641-4D0B-9117-B4EB364DE2B9}.Release|x64.ActiveCfg = Release|Any CPU
		{21FA1380-7641-4D0B-9117-B4EB364DE2B9}.Release|x64.Build.0 = Release|Any CPU
		{21FA1380-7641-4D0B-9117-B4EB364DE2B9}.Release|x86.ActiveCfg = Release|Any CPU
		{21FA1380-7641-4D0B-9117-B4EB364DE2B9}.Release|x86.Build.0 = Release|Any CPU
		{C99EA3CF-ACAE-4665-974D-1E182E7F7882}.Debug|Any CPU.ActiveCfg = Debug|Any CPU
		{C99EA3CF-ACAE-4665-974D-1E182E7F7882}.Debug|Any CPU.Build.0 = Debug|Any CPU
		{C99EA3CF-ACAE-4665-974D-1E182E7F7882}.Debug|x64.ActiveCfg = Debug|Any CPU
		{C99EA3CF-ACAE-4665-974D-1E182E7F7882}.Debug|x64.Build.0 = Debug|Any CPU
		{C99EA3CF-ACAE-4665-974D-1E182E7F7882}.Debug|x86.ActiveCfg = Debug|Any CPU
		{C99EA3CF-ACAE-4665-974D-1E182E7F7882}.Debug|x86.Build.0 = Debug|Any CPU
		{C99EA3CF-ACAE-4665-974D-1E182E7F7882}.Release|Any CPU.ActiveCfg = Release|Any CPU
		{C99EA3CF-ACAE-4665-974D-1E182E7F7882}.Release|Any CPU.Build.0 = Release|Any CPU
		{C99EA3CF-ACAE-4665-974D-1E182E7F7882}.Release|x64.ActiveCfg = Release|Any CPU
		{C99EA3CF-ACAE-4665-974D-1E182E7F7882}.Release|x64.Build.0 = Release|Any CPU
		{C99EA3CF-ACAE-4665-974D-1E182E7F7882}.Release|x86.ActiveCfg = Release|Any CPU
		{C99EA3CF-ACAE-4665-974D-1E182E7F7882}.Release|x86.Build.0 = Release|Any CPU
		{BBC7FC4D-E93A-4175-B05D-842E43AE59D1}.Debug|Any CPU.ActiveCfg = Debug|Any CPU
		{BBC7FC4D-E93A-4175-B05D-842E43AE59D1}.Debug|Any CPU.Build.0 = Debug|Any CPU
		{BBC7FC4D-E93A-4175-B05D-842E43AE59D1}.Debug|x64.ActiveCfg = Debug|Any CPU
		{BBC7FC4D-E93A-4175-B05D-842E43AE59D1}.Debug|x64.Build.0 = Debug|Any CPU
		{BBC7FC4D-E93A-4175-B05D-842E43AE59D1}.Debug|x86.ActiveCfg = Debug|Any CPU
		{BBC7FC4D-E93A-4175-B05D-842E43AE59D1}.Debug|x86.Build.0 = Debug|Any CPU
		{BBC7FC4D-E93A-4175-B05D-842E43AE59D1}.Release|Any CPU.ActiveCfg = Release|Any CPU
		{BBC7FC4D-E93A-4175-B05D-842E43AE59D1}.Release|Any CPU.Build.0 = Release|Any CPU
		{BBC7FC4D-E93A-4175-B05D-842E43AE59D1}.Release|x64.ActiveCfg = Release|Any CPU
		{BBC7FC4D-E93A-4175-B05D-842E43AE59D1}.Release|x64.Build.0 = Release|Any CPU
		{BBC7FC4D-E93A-4175-B05D-842E43AE59D1}.Release|x86.ActiveCfg = Release|Any CPU
		{BBC7FC4D-E93A-4175-B05D-842E43AE59D1}.Release|x86.Build.0 = Release|Any CPU
		{EAF2E72D-2746-4567-99BF-6F22EC09221A}.Debug|Any CPU.ActiveCfg = Debug|Any CPU
		{EAF2E72D-2746-4567-99BF-6F22EC09221A}.Debug|Any CPU.Build.0 = Debug|Any CPU
		{EAF2E72D-2746-4567-99BF-6F22EC09221A}.Debug|x64.ActiveCfg = Debug|Any CPU
		{EAF2E72D-2746-4567-99BF-6F22EC09221A}.Debug|x64.Build.0 = Debug|Any CPU
		{EAF2E72D-2746-4567-99BF-6F22EC09221A}.Debug|x86.ActiveCfg = Debug|Any CPU
		{EAF2E72D-2746-4567-99BF-6F22EC09221A}.Debug|x86.Build.0 = Debug|Any CPU
		{EAF2E72D-2746-4567-99BF-6F22EC09221A}.Release|Any CPU.ActiveCfg = Release|Any CPU
		{EAF2E72D-2746-4567-99BF-6F22EC09221A}.Release|Any CPU.Build.0 = Release|Any CPU
		{EAF2E72D-2746-4567-99BF-6F22EC09221A}.Release|x64.ActiveCfg = Release|Any CPU
		{EAF2E72D-2746-4567-99BF-6F22EC09221A}.Release|x64.Build.0 = Release|Any CPU
		{EAF2E72D-2746-4567-99BF-6F22EC09221A}.Release|x86.ActiveCfg = Release|Any CPU
		{EAF2E72D-2746-4567-99BF-6F22EC09221A}.Release|x86.Build.0 = Release|Any CPU
		{B7BE33C7-AE86-4E12-9DC6-ECE809BF501C}.Debug|Any CPU.ActiveCfg = Debug|Any CPU
		{B7BE33C7-AE86-4E12-9DC6-ECE809BF501C}.Debug|Any CPU.Build.0 = Debug|Any CPU
		{B7BE33C7-AE86-4E12-9DC6-ECE809BF501C}.Debug|x64.ActiveCfg = Debug|Any CPU
		{B7BE33C7-AE86-4E12-9DC6-ECE809BF501C}.Debug|x64.Build.0 = Debug|Any CPU
		{B7BE33C7-AE86-4E12-9DC6-ECE809BF501C}.Debug|x86.ActiveCfg = Debug|Any CPU
		{B7BE33C7-AE86-4E12-9DC6-ECE809BF501C}.Debug|x86.Build.0 = Debug|Any CPU
		{B7BE33C7-AE86-4E12-9DC6-ECE809BF501C}.Release|Any CPU.ActiveCfg = Release|Any CPU
		{B7BE33C7-AE86-4E12-9DC6-ECE809BF501C}.Release|Any CPU.Build.0 = Release|Any CPU
		{B7BE33C7-AE86-4E12-9DC6-ECE809BF501C}.Release|x64.ActiveCfg = Release|Any CPU
		{B7BE33C7-AE86-4E12-9DC6-ECE809BF501C}.Release|x64.Build.0 = Release|Any CPU
		{B7BE33C7-AE86-4E12-9DC6-ECE809BF501C}.Release|x86.ActiveCfg = Release|Any CPU
		{B7BE33C7-AE86-4E12-9DC6-ECE809BF501C}.Release|x86.Build.0 = Release|Any CPU
		{4E497FC2-754E-43FE-A733-F589230C7059}.Debug|Any CPU.ActiveCfg = Debug|Any CPU
		{4E497FC2-754E-43FE-A733-F589230C7059}.Debug|Any CPU.Build.0 = Debug|Any CPU
		{4E497FC2-754E-43FE-A733-F589230C7059}.Debug|x64.ActiveCfg = Debug|Any CPU
		{4E497FC2-754E-43FE-A733-F589230C7059}.Debug|x64.Build.0 = Debug|Any CPU
		{4E497FC2-754E-43FE-A733-F589230C7059}.Debug|x86.ActiveCfg = Debug|Any CPU
		{4E497FC2-754E-43FE-A733-F589230C7059}.Debug|x86.Build.0 = Debug|Any CPU
		{4E497FC2-754E-43FE-A733-F589230C7059}.Release|Any CPU.ActiveCfg = Release|Any CPU
		{4E497FC2-754E-43FE-A733-F589230C7059}.Release|Any CPU.Build.0 = Release|Any CPU
		{4E497FC2-754E-43FE-A733-F589230C7059}.Release|x64.ActiveCfg = Release|Any CPU
		{4E497FC2-754E-43FE-A733-F589230C7059}.Release|x64.Build.0 = Release|Any CPU
		{4E497FC2-754E-43FE-A733-F589230C7059}.Release|x86.ActiveCfg = Release|Any CPU
		{4E497FC2-754E-43FE-A733-F589230C7059}.Release|x86.Build.0 = Release|Any CPU
	EndGlobalSection
	GlobalSection(SolutionProperties) = preSolution
		HideSolutionNode = FALSE
	EndGlobalSection
	GlobalSection(NestedProjects) = preSolution
		{4AC508BE-41AA-455B-BEB7-6FD46C4A791A} = {ADDFE353-72D4-45BF-A492-7E9F9300892B}
		{544B6991-CF5A-48F1-AF5E-BFC80081DC9E} = {ADDFE353-72D4-45BF-A492-7E9F9300892B}
		{8474ACF8-2D7A-460E-8752-D1D8BD614166} = {0F73140C-7645-43C2-96EB-077B34D0D031}
		{C1D3FEB5-05E2-4430-A0AE-B56807020CBC} = {0F73140C-7645-43C2-96EB-077B34D0D031}
		{93350D61-C5CB-45F0-860C-8D83961A7A24} = {544B6991-CF5A-48F1-AF5E-BFC80081DC9E}
		{69315A4B-37A3-4565-8D8E-5628C61FD61B} = {544B6991-CF5A-48F1-AF5E-BFC80081DC9E}
		{21FA1380-7641-4D0B-9117-B4EB364DE2B9} = {4AC508BE-41AA-455B-BEB7-6FD46C4A791A}
		{C99EA3CF-ACAE-4665-974D-1E182E7F7882} = {4AC508BE-41AA-455B-BEB7-6FD46C4A791A}
		{BBC7FC4D-E93A-4175-B05D-842E43AE59D1} = {4AC508BE-41AA-455B-BEB7-6FD46C4A791A}
		{EAF2E72D-2746-4567-99BF-6F22EC09221A} = {4AC508BE-41AA-455B-BEB7-6FD46C4A791A}
		{B7BE33C7-AE86-4E12-9DC6-ECE809BF501C} = {0F73140C-7645-43C2-96EB-077B34D0D031}
		{4E497FC2-754E-43FE-A733-F589230C7059} = {0F73140C-7645-43C2-96EB-077B34D0D031}
	EndGlobalSection
	GlobalSection(ExtensibilityGlobals) = postSolution
		SolutionGuid = {6533EAE2-D98E-4648-A345-215E38A8ECED}
	EndGlobalSection
EndGlobal
